{
  "name": "sky-map",
  "lockfileVersion": 2,
  "requires": true,
  "packages": {
    "": {
      "dependencies": {
        "three": "^0.149.0"
      }
    },
    "node_modules/three": {
      "version": "0.149.0",
      "resolved": "https://registry.npmjs.org/three/-/three-0.149.0.tgz",
      "integrity": "sha512-tohpUxPDht0qExRLDTM8sjRLc5d9STURNrdnK3w9A+V4pxaTBfKWWT/IqtiLfg23Vfc3Z+ImNfvRw1/0CtxrkQ=="
    }
  },
  "dependencies": {
    "three": {
      "version": "0.149.0",
      "resolved": "https://registry.npmjs.org/three/-/three-0.149.0.tgz",
      "integrity": "sha512-tohpUxPDht0qExRLDTM8sjRLc5d9STURNrdnK3w9A+V4pxaTBfKWWT/IqtiLfg23Vfc3Z+ImNfvRw1/0CtxrkQ=="
    }
  }
}
